
Microsoft Visual Studio Solution File, Format Version 12.00
# Visual Studio Version 17
VisualStudioVersion = 17.4.33205.214
MinimumVisualStudioVersion = 10.0.40219.1
Project("{8BC9CEB8-8B4A-11D0-8D11-00A0C91BC942}") = "patcher", "patcher\patcher.vcxproj", "{02F990FD-14A9-49F9-9DEC-E2295151D991}"
EndProject
Project("{8BC9CEB8-8B4A-11D0-8D11-00A0C91BC942}") = "injector", "injector\injector.vcxproj", "{17959BA7-618D-405A-B83F-895ECB96838B}"
EndProject
Global
	GlobalSection(SolutionConfigurationPlatforms) = preSolution
		Debug|x64 = Debug|x64
		Debug|x86 = Debug|x86
		Release|x64 = Release|x64
		Release|x86 = Release|x86
	EndGlobalSection
	GlobalSection(ProjectConfigurationPlatforms) = postSolution
		{02F990FD-14A9-49F9-9DEC-E2295151D991}.Debug|x64.ActiveCfg = Debug|x64
		{02F990FD-14A9-49F9-9DEC-E2295151D991}.Debug|x64.Build.0 = Debug|x64
		{02F990FD-14A9-49F9-9DEC-E2295151D991}.Debug|x86.ActiveCfg = Debug|Win32
		{02F990FD-14A9-49F9-9DEC-E2295151D991}.Debug|x86.Build.0 = Debug|Win32
		{02F990FD-14A9-49F9-9DEC-E2295151D991}.Release|x64.ActiveCfg = Release|x64
		{02F990FD-14A9-49F9-9DEC-E2295151D991}.Release|x64.Build.0 = Release|x64
		{02F990FD-14A9-49F9-9DEC-E2295151D991}.Release|x86.ActiveCfg = Release|Win32
		{02F990FD-14A9-49F9-9DEC-E2295151D991}.Release|x86.Build.0 = Release|Win32
		{17959BA7-618D-405A-B83F-895ECB96838B}.Debug|x64.ActiveCfg = Debug|x64
		{17959BA7-618D-405A-B83F-895ECB96838B}.Debug|x64.Build.0 = Debug|x64
		{17959BA7-618D-405A-B83F-895ECB96838B}.Debug|x86.ActiveCfg = Debug|Win32
		{17959BA7-618D-405A-B83F-895ECB96838B}.Debug|x86.Build.0 = Debug|Win32
		{17959BA7-618D-405A-B83F-895ECB96838B}.Release|x64.ActiveCfg = Release|x64
		{17959BA7-618D-405A-B83F-895ECB96838B}.Release|x64.Build.0 = Release|x64
		{17959BA7-618D-405A-B83F-895ECB96838B}.Release|x86.ActiveCfg = Release|Win32
		{17959BA7-618D-405A-B83F-895ECB96838B}.Release|x86.Build.0 = Release|Win32
	EndGlobalSection
	GlobalSection(SolutionProperties) = preSolution
		HideSolutionNode = FALSE
	EndGlobalSection
	GlobalSection(ExtensibilityGlobals) = postSolution
		SolutionGuid = {E904CEF9-065D-4DCE-AC86-D347C714AACF}
	EndGlobalSection
EndGlobal
